// !$*UTF8*$!
{
	archiveVersion = 1;
	classes = {
	};
	objectVersion = 46;
	objects = {

/* Begin PBXBuildFile section */
		DB0F9BE91E7B3676009F83CB /* Assets.xcassets in Resources */ = {isa = PBXBuildFile; fileRef = DB0F9BE81E7B3676009F83CB /* Assets.xcassets */; };
		DBB0B1401E7694490057D020 /* AppDelegate.swift in Sources */ = {isa = PBXBuildFile; fileRef = DBB0B13F1E7694490057D020 /* AppDelegate.swift */; };
		DBB0B1461E7694490057D020 /* GameScene.swift in Sources */ = {isa = PBXBuildFile; fileRef = DBB0B1451E7694490057D020 /* GameScene.swift */; };
		DBB0B1481E7694490057D020 /* ViewController.swift in Sources */ = {isa = PBXBuildFile; fileRef = DBB0B1471E7694490057D020 /* ViewController.swift */; };
		DBB0B14D1E7694490057D020 /* Main.storyboard in Resources */ = {isa = PBXBuildFile; fileRef = DBB0B14B1E7694490057D020 /* Main.storyboard */; };
		DBB0B1581E7694490057D020 /* SnakeTests.swift in Sources */ = {isa = PBXBuildFile; fileRef = DBB0B1571E7694490057D020 /* SnakeTests.swift */; };
		DBB0B1631E7694490057D020 /* SnakeUITests.swift in Sources */ = {isa = PBXBuildFile; fileRef = DBB0B1621E7694490057D020 /* SnakeUITests.swift */; };
/* End PBXBuildFile section */

/* Begin PBXContainerItemProxy section */
		DBB0B1541E7694490057D020 /* PBXContainerItemProxy */ = {
			isa = PBXContainerItemProxy;
			containerPortal = DBB0B1341E7694490057D020 /* Project object */;
			proxyType = 1;
			remoteGlobalIDString = DBB0B13B1E7694490057D020;
			remoteInfo = Snake;
		};
		DBB0B15F1E7694490057D020 /* PBXContainerItemProxy */ = {
			isa = PBXContainerItemProxy;
			containerPortal = DBB0B1341E7694490057D020 /* Project object */;
			proxyType = 1;
			remoteGlobalIDString = DBB0B13B1E7694490057D020;
			remoteInfo = Snake;
		};
/* End PBXContainerItemProxy section */

/* Begin PBXFileReference section */
		DB0F9BE81E7B3676009F83CB /* Assets.xcassets */ = {isa = PBXFileReference; lastKnownFileType = folder.assetcatalog; name = Assets.xcassets; path = ../Assets.xcassets; sourceTree = "<group>"; };
		DBB0B13C1E7694490057D020 /* Snake.app */ = {isa = PBXFileReference; explicitFileType = wrapper.application; includeInIndex = 0; path = Snake.app; sourceTree = BUILT_PRODUCTS_DIR; };
		DBB0B13F1E7694490057D020 /* AppDelegate.swift */ = {isa = PBXFileReference; lastKnownFileType = sourcecode.swift; path = AppDelegate.swift; sourceTree = "<group>"; };
		DBB0B1451E7694490057D020 /* GameScene.swift */ = {isa = PBXFileReference; lastKnownFileType = sourcecode.swift; path = GameScene.swift; sourceTree = "<group>"; };
		DBB0B1471E7694490057D020 /* ViewController.swift */ = {isa = PBXFileReference; lastKnownFileType = sourcecode.swift; path = ViewController.swift; sourceTree = "<group>"; };
		DBB0B14C1E7694490057D020 /* Base */ = {isa = PBXFileReference; lastKnownFileType = file.storyboard; name = Base; path = Base.lproj/Main.storyboard; sourceTree = "<group>"; };
		DBB0B14E1E7694490057D020 /* Info.plist */ = {isa = PBXFileReference; lastKnownFileType = text.plist.xml; path = Info.plist; sourceTree = "<group>"; };
		DBB0B1531E7694490057D020 /* SnakeTests.xctest */ = {isa = PBXFileReference; explicitFileType = wrapper.cfbundle; includeInIndex = 0; path = SnakeTests.xctest; sourceTree = BUILT_PRODUCTS_DIR; };
		DBB0B1571E7694490057D020 /* SnakeTests.swift */ = {isa = PBXFileReference; lastKnownFileType = sourcecode.swift; path = SnakeTests.swift; sourceTree = "<group>"; };
		DBB0B1591E7694490057D020 /* Info.plist */ = {isa = PBXFileReference; lastKnownFileType = text.plist.xml; path = Info.plist; sourceTree = "<group>"; };
		DBB0B15E1E7694490057D020 /* SnakeUITests.xctest */ = {isa = PBXFileReference; explicitFileType = wrapper.cfbundle; includeInIndex = 0; path = SnakeUITests.xctest; sourceTree = BUILT_PRODUCTS_DIR; };
		DBB0B1621E7694490057D020 /* SnakeUITests.swift */ = {isa = PBXFileReference; lastKnownFileType = sourcecode.swift; path = SnakeUITests.swift; sourceTree = "<group>"; };
		DBB0B1641E7694490057D020 /* Info.plist */ = {isa = PBXFileReference; lastKnownFileType = text.plist.xml; path = Info.plist; sourceTree = "<group>"; };
/* End PBXFileReference section */

/* Begin PBXFrameworksBuildPhase section */
		DBB0B1391E7694490057D020 /* Frameworks */ = {
			isa = PBXFrameworksBuildPhase;
			buildActionMask = 2147483647;
			files = (
			);
			runOnlyForDeploymentPostprocessing = 0;
		};
		DBB0B1501E7694490057D020 /* Frameworks */ = {
			isa = PBXFrameworksBuildPhase;
			buildActionMask = 2147483647;
			files = (
			);
			runOnlyForDeploymentPostprocessing = 0;
		};
		DBB0B15B1E7694490057D020 /* Frameworks */ = {
			isa = PBXFrameworksBuildPhase;
			buildActionMask = 2147483647;
			files = (
			);
			runOnlyForDeploymentPostprocessing = 0;
		};
/* End PBXFrameworksBuildPhase section */

/* Begin PBXGroup section */
		DBB0B1331E7694490057D020 = {
			isa = PBXGroup;
			children = (
				DBB0B13E1E7694490057D020 /* Snake */,
				DBB0B1561E7694490057D020 /* SnakeTests */,
				DBB0B1611E7694490057D020 /* SnakeUITests */,
				DBB0B13D1E7694490057D020 /* Products */,
			);
			sourceTree = "<group>";
		};
		DBB0B13D1E7694490057D020 /* Products */ = {
			isa = PBXGroup;
			children = (
				DBB0B13C1E7694490057D020 /* Snake.app */,
				DBB0B1531E7694490057D020 /* SnakeTests.xctest */,
				DBB0B15E1E7694490057D020 /* SnakeUITests.xctest */,
			);
			name = Products;
			sourceTree = "<group>";
		};
		DBB0B13E1E7694490057D020 /* Snake */ = {
			isa = PBXGroup;
			children = (
				DB0F9BE81E7B3676009F83CB /* Assets.xcassets */,
				DBB0B13F1E7694490057D020 /* AppDelegate.swift */,
				DBB0B1451E7694490057D020 /* GameScene.swift */,
				DBB0B1471E7694490057D020 /* ViewController.swift */,
				DBB0B14B1E7694490057D020 /* Main.storyboard */,
				DBB0B14E1E7694490057D020 /* Info.plist */,
			);
			path = Snake;
			sourceTree = "<group>";
		};
		DBB0B1561E7694490057D020 /* SnakeTests */ = {
			isa = PBXGroup;
			children = (
				DBB0B1571E7694490057D020 /* SnakeTests.swift */,
				DBB0B1591E7694490057D020 /* Info.plist */,
			);
			path = SnakeTests;
			sourceTree = "<group>";
		};
		DBB0B1611E7694490057D020 /* SnakeUITests */ = {
			isa = PBXGroup;
			children = (
				DBB0B1621E7694490057D020 /* SnakeUITests.swift */,
				DBB0B1641E7694490057D020 /* Info.plist */,
			);
			path = SnakeUITests;
			sourceTree = "<group>";
		};
/* End PBXGroup section */

/* Begin PBXNativeTarget section */
		DBB0B13B1E7694490057D020 /* Snake */ = {
			isa = PBXNativeTarget;
			buildConfigurationList = DBB0B1671E7694490057D020 /* Build configuration list for PBXNativeTarget "Snake" */;
			buildPhases = (
				DBB0B1381E7694490057D020 /* Sources */,
				DBB0B1391E7694490057D020 /* Frameworks */,
				DBB0B13A1E7694490057D020 /* Resources */,
			);
			buildRules = (
			);
			dependencies = (
			);
			name = Snake;
			productName = Snake;
			productReference = DBB0B13C1E7694490057D020 /* Snake.app */;
			productType = "com.apple.product-type.application";
		};
		DBB0B1521E7694490057D020 /* SnakeTests */ = {
			isa = PBXNativeTarget;
			buildConfigurationList = DBB0B16A1E7694490057D020 /* Build configuration list for PBXNativeTarget "SnakeTests" */;
			buildPhases = (
				DBB0B14F1E7694490057D020 /* Sources */,
				DBB0B1501E7694490057D020 /* Frameworks */,
				DBB0B1511E7694490057D020 /* Resources */,
			);
			buildRules = (
			);
			dependencies = (
				DBB0B1551E7694490057D020 /* PBXTargetDependency */,
			);
			name = SnakeTests;
			productName = SnakeTests;
			productReference = DBB0B1531E7694490057D020 /* SnakeTests.xctest */;
			productType = "com.apple.product-type.bundle.unit-test";
		};
		DBB0B15D1E7694490057D020 /* SnakeUITests */ = {
			isa = PBXNativeTarget;
			buildConfigurationList = DBB0B16D1E7694490057D020 /* Build configuration list for PBXNativeTarget "SnakeUITests" */;
			buildPhases = (
				DBB0B15A1E7694490057D020 /* Sources */,
				DBB0B15B1E7694490057D020 /* Frameworks */,
				DBB0B15C1E7694490057D020 /* Resources */,
			);
			buildRules = (
			);
			dependencies = (
				DBB0B1601E7694490057D020 /* PBXTargetDependency */,
			);
			name = SnakeUITests;
			productName = SnakeUITests;
			productReference = DBB0B15E1E7694490057D020 /* SnakeUITests.xctest */;
			productType = "com.apple.product-type.bundle.ui-testing";
		};
/* End PBXNativeTarget section */

/* Begin PBXProject section */
		DBB0B1341E7694490057D020 /* Project object */ = {
			isa = PBXProject;
			attributes = {
				LastSwiftUpdateCheck = 0820;
				LastUpgradeCheck = 0820;
				ORGANIZATIONNAME = "Moscow State University";
				TargetAttributes = {
					DBB0B13B1E7694490057D020 = {
						CreatedOnToolsVersion = 8.2.1;
						DevelopmentTeam = R7GX9454SD;
						ProvisioningStyle = Automatic;
					};
					DBB0B1521E7694490057D020 = {
						CreatedOnToolsVersion = 8.2.1;
						DevelopmentTeam = R7GX9454SD;
						ProvisioningStyle = Automatic;
						TestTargetID = DBB0B13B1E7694490057D020;
					};
					DBB0B15D1E7694490057D020 = {
						CreatedOnToolsVersion = 8.2.1;
						DevelopmentTeam = R7GX9454SD;
						ProvisioningStyle = Automatic;
						TestTargetID = DBB0B13B1E7694490057D020;
					};
				};
			};
			buildConfigurationList = DBB0B1371E7694490057D020 /* Build configuration list for PBXProject "Snake" */;
			compatibilityVersion = "Xcode 3.2";
			developmentRegion = English;
			hasScannedForEncodings = 0;
			knownRegions = (
				en,
				Base,
			);
			mainGroup = DBB0B1331E7694490057D020;
			productRefGroup = DBB0B13D1E7694490057D020 /* Products */;
			projectDirPath = "";
			projectRoot = "";
			targets = (
				DBB0B13B1E7694490057D020 /* Snake */,
				DBB0B1521E7694490057D020 /* SnakeTests */,
				DBB0B15D1E7694490057D020 /* SnakeUITests */,
			);
		};
/* End PBXProject section */

/* Begin PBXResourcesBuildPhase section */
		DBB0B13A1E7694490057D020 /* Resources */ = {
			isa = PBXResourcesBuildPhase;
			buildActionMask = 2147483647;
			files = (
				DB0F9BE91E7B3676009F83CB /* Assets.xcassets in Resources */,
				DBB0B14D1E7694490057D020 /* Main.storyboard in Resources */,
			);
			runOnlyForDeploymentPostprocessing = 0;
		};
		DBB0B1511E7694490057D020 /* Resources */ = {
			isa = PBXResourcesBuildPhase;
			buildActionMask = 2147483647;
			files = (
			);
			runOnlyForDeploymentPostprocessing = 0;
		};
		DBB0B15C1E7694490057D020 /* Resources */ = {
			isa = PBXResourcesBuildPhase;
			buildActionMask = 2147483647;
			files = (
			);
			runOnlyForDeploymentPostprocessing = 0;
		};
/* End PBXResourcesBuildPhase section */

/* Begin PBXSourcesBuildPhase section */
		DBB0B1381E7694490057D020 /* Sources */ = {
			isa = PBXSourcesBuildPhase;
			buildActionMask = 2147483647;
			files = (
				DBB0B1481E7694490057D020 /* ViewController.swift in Sources */,
				DBB0B1461E7694490057D020 /* GameScene.swift in Sources */,
				DBB0B1401E7694490057D020 /* AppDelegate.swift in Sources */,
			);
			runOnlyForDeploymentPostprocessing = 0;
		};
		DBB0B14F1E7694490057D020 /* Sources */ = {
			isa = PBXSourcesBuildPhase;
			buildActionMask = 2147483647;
			files = (
				DBB0B1581E7694490057D020 /* SnakeTests.swift in Sources */,
			);
			runOnlyForDeploymentPostprocessing = 0;
		};
		DBB0B15A1E7694490057D020 /* Sources */ = {
			isa = PBXSourcesBuildPhase;
			buildActionMask = 2147483647;
			files = (
				DBB0B1631E7694490057D020 /* SnakeUITests.swift in Sources */,
			);
			runOnlyForDeploymentPostprocessing = 0;
		};
/* End PBXSourcesBuildPhase section */

/* Begin PBXTargetDependency section */
		DBB0B1551E7694490057D020 /* PBXTargetDependency */ = {
			isa = PBXTargetDependency;
			target = DBB0B13B1E7694490057D020 /* Snake */;
			targetProxy = DBB0B1541E7694490057D020 /* PBXContainerItemProxy */;
		};
		DBB0B1601E7694490057D020 /* PBXTargetDependency */ = {
			isa = PBXTargetDependency;
			target = DBB0B13B1E7694490057D020 /* Snake */;
			targetProxy = DBB0B15F1E7694490057D020 /* PBXContainerItemProxy */;
		};
/* End PBXTargetDependency section */

/* Begin PBXVariantGroup section */
		DBB0B14B1E7694490057D020 /* Main.storyboard */ = {
			isa = PBXVariantGroup;
			children = (
				DBB0B14C1E7694490057D020 /* Base */,
			);
			name = Main.storyboard;
			sourceTree = "<group>";
		};
/* End PBXVariantGroup section */

/* Begin XCBuildConfiguration section */
		DBB0B1651E7694490057D020 /* Debug */ = {
			isa = XCBuildConfiguration;
			buildSettings = {
				ALWAYS_SEARCH_USER_PATHS = NO;
				CLANG_ANALYZER_NONNULL = YES;
				CLANG_CXX_LANGUAGE_STANDARD = "gnu++0x";
				CLANG_CXX_LIBRARY = "libc++";
				CLANG_ENABLE_MODULES = YES;
				CLANG_ENABLE_OBJC_ARC = YES;
				CLANG_WARN_BOOL_CONVERSION = YES;
				CLANG_WARN_CONSTANT_CONVERSION = YES;
				CLANG_WARN_DIRECT_OBJC_ISA_USAGE = YES_ERROR;
				CLANG_WARN_DOCUMENTATION_COMMENTS = YES;
				CLANG_WARN_EMPTY_BODY = YES;
				CLANG_WARN_ENUM_CONVERSION = YES;
				CLANG_WARN_INFINITE_RECURSION = YES;
				CLANG_WARN_INT_CONVERSION = YES;
				CLANG_WARN_OBJC_ROOT_CLASS = YES_ERROR;
				CLANG_WARN_SUSPICIOUS_MOVE = YES;
				CLANG_WARN_UNREACHABLE_CODE = YES;
				CLANG_WARN__DUPLICATE_METHOD_MATCH = YES;
				CODE_SIGN_IDENTITY = "-";
				COPY_PHASE_STRIP = NO;
				DEBUG_INFORMATION_FORMAT = dwarf;
				ENABLE_STRICT_OBJC_MSGSEND = YES;
				ENABLE_TESTABILITY = YES;
				GCC_C_LANGUAGE_STANDARD = gnu99;
				GCC_DYNAMIC_NO_PIC = NO;
				GCC_NO_COMMON_BLOCKS = YES;
				GCC_OPTIMIZATION_LEVEL = 0;
				GCC_PREPROCESSOR_DEFINITIONS = (
					"DEBUG=1",
					"$(inherited)",
				);
				GCC_WARN_64_TO_32_BIT_CONVERSION = YES;
				GCC_WARN_ABOUT_RETURN_TYPE = YES_ERROR;
				GCC_WARN_UNDECLARED_SELECTOR = YES;
				GCC_WARN_UNINITIALIZED_AUTOS = YES_AGGRESSIVE;
				GCC_WARN_UNUSED_FUNCTION = YES;
				GCC_WARN_UNUSED_VARIABLE = YES;
				MACOSX_DEPLOYMENT_TARGET = 10.12;
				MTL_ENABLE_DEBUG_INFO = YES;
				ONLY_ACTIVE_ARCH = YES;
				SDKROOT = macosx;
				SWIFT_ACTIVE_COMPILATION_CONDITIONS = DEBUG;
				SWIFT_OPTIMIZATION_LEVEL = "-Onone";
			};
			name = Debug;
		};
		DBB0B1661E7694490057D020 /* Release */ = {
			isa = XCBuildConfiguration;
			buildSettings = {
				ALWAYS_SEARCH_USER_PATHS = NO;
				CLANG_ANALYZER_NONNULL = YES;
				CLANG_CXX_LANGUAGE_STANDARD = "gnu++0x";
				CLANG_CXX_LIBRARY = "libc++";
				CLANG_ENABLE_MODULES = YES;
				CLANG_ENABLE_OBJC_ARC = YES;
				CLANG_WARN_BOOL_CONVERSION = YES;
				CLANG_WARN_CONSTANT_CONVERSION = YES;
				CLANG_WARN_DIRECT_OBJC_ISA_USAGE = YES_ERROR;
				CLANG_WARN_DOCUMENTATION_COMMENTS = YES;
				CLANG_WARN_EMPTY_BODY = YES;
				CLANG_WARN_ENUM_CONVERSION = YES;
				CLANG_WARN_INFINITE_RECURSION = YES;
				CLANG_WARN_INT_CONVERSION = YES;
				CLANG_WARN_OBJC_ROOT_CLASS = YES_ERROR;
				CLANG_WARN_SUSPICIOUS_MOVE = YES;
				CLANG_WARN_UNREACHABLE_CODE = YES;
				CLANG_WARN__DUPLICATE_METHOD_MATCH = YES;
				CODE_SIGN_IDENTITY = "-";
				COPY_PHASE_STRIP = NO;
				DEBUG_INFORMATION_FORMAT = "dwarf-with-dsym";
				ENABLE_NS_ASSERTIONS = NO;
				ENABLE_STRICT_OBJC_MSGSEND = YES;
				GCC_C_LANGUAGE_STANDARD = gnu99;
				GCC_NO_COMMON_BLOCKS = YES;
				GCC_WARN_64_TO_32_BIT_CONVERSION = YES;
				GCC_WARN_ABOUT_RETURN_TYPE = YES_ERROR;
				GCC_WARN_UNDECLARED_SELECTOR = YES;
				GCC_WARN_UNINITIALIZED_AUTOS = YES_AGGRESSIVE;
				GCC_WARN_UNUSED_FUNCTION = YES;
				GCC_WARN_UNUSED_VARIABLE = YES;
				MACOSX_DEPLOYMENT_TARGET = 10.12;
				MTL_ENABLE_DEBUG_INFO = NO;
				SDKROOT = macosx;
				SWIFT_OPTIMIZATION_LEVEL = "-Owholemodule";
			};
			name = Release;
		};
		DBB0B1681E7694490057D020 /* Debug */ = {
			isa = XCBuildConfiguration;
			buildSettings = {
				ASSETCATALOG_COMPILER_APPICON_NAME = "AppIcon-2";
				COMBINE_HIDPI_IMAGES = YES;
				DEVELOPMENT_TEAM = R7GX9454SD;
				INFOPLIST_FILE = Snake/Info.plist;
				LD_RUNPATH_SEARCH_PATHS = "$(inherited) @executable_path/../Frameworks";
				PRODUCT_BUNDLE_IDENTIFIER = MSU.Snake;
				PRODUCT_NAME = "$(TARGET_NAME)";
				SWIFT_VERSION = 3.0;
			};
			name = Debug;
		};
		DBB0B1691E7694490057D020 /* Release */ = {
			isa = XCBuildConfiguration;
			buildSettings = {
				ASSETCATALOG_COMPILER_APPICON_NAME = "AppIcon-2";
				COMBINE_HIDPI_IMAGES = YES;
				DEVELOPMENT_TEAM = R7GX9454SD;
				INFOPLIST_FILE = Snake/Info.plist;
				LD_RUNPATH_SEARCH_PATHS = "$(inherited) @executable_path/../Frameworks";
				PRODUCT_BUNDLE_IDENTIFIER = MSU.Snake;
				PRODUCT_NAME = "$(TARGET_NAME)";
				SWIFT_VERSION = 3.0;
			};
			name = Release;
		};
		DBB0B16B1E7694490057D020 /* Debug */ = {
			isa = XCBuildConfiguration;
			buildSettings = {
				ALWAYS_EMBED_SWIFT_STANDARD_LIBRARIES = YES;
				BUNDLE_LOADER = "$(TEST_HOST)";
				COMBINE_HIDPI_IMAGES = YES;
				DEVELOPMENT_TEAM = R7GX9454SD;
				INFOPLIST_FILE = SnakeTests/Info.plist;
				LD_RUNPATH_SEARCH_PATHS = "$(inherited) @executable_path/../Frameworks @loader_path/../Frameworks";
				PRODUCT_BUNDLE_IDENTIFIER = MSU.SnakeTests;
				PRODUCT_NAME = "$(TARGET_NAME)";
				SWIFT_VERSION = 3.0;
				TEST_HOST = "$(BUILT_PRODUCTS_DIR)/Snake.app/Contents/MacOS/Snake";
			};
			name = Debug;
		};
		DBB0B16C1E7694490057D020 /* Release */ = {
			isa = XCBuildConfiguration;
			buildSettings = {
				ALWAYS_EMBED_SWIFT_STANDARD_LIBRARIES = YES;
				BUNDLE_LOADER = "$(TEST_HOST)";
				COMBINE_HIDPI_IMAGES = YES;
				DEVELOPMENT_TEAM = R7GX9454SD;
				INFOPLIST_FILE = SnakeTests/Info.plist;
				LD_RUNPATH_SEARCH_PATHS = "$(inherited) @executable_path/../Frameworks @loader_path/../Frameworks";
				PRODUCT_BUNDLE_IDENTIFIER = MSU.SnakeTests;
				PRODUCT_NAME = "$(TARGET_NAME)";
				SWIFT_VERSION = 3.0;
				TEST_HOST = "$(BUILT_PRODUCTS_DIR)/Snake.app/Contents/MacOS/Snake";
			};
			name = Release;
		};
		DBB0B16E1E7694490057D020 /* Debug */ = {
			isa = XCBuildConfiguration;
			buildSettings = {
				ALWAYS_EMBED_SWIFT_STANDARD_LIBRARIES = YES;
				COMBINE_HIDPI_IMAGES = YES;
				DEVELOPMENT_TEAM = R7GX9454SD;
				INFOPLIST_FILE = SnakeUITests/Info.plist;
				LD_RUNPATH_SEARCH_PATHS = "$(inherited) @executable_path/../Frameworks @loader_path/../Frameworks";
				PRODUCT_BUNDLE_IDENTIFIER = MSU.SnakeUITests;
				PRODUCT_NAME = "$(TARGET_NAME)";
				SWIFT_VERSION = 3.0;
				TEST_TARGET_NAME = Snake;
			};
			name = Debug;
		};
		DBB0B16F1E7694490057D020 /* Release */ = {
			isa = XCBuildConfiguration;
			buildSettings = {
				ALWAYS_EMBED_SWIFT_STANDARD_LIBRARIES = YES;
				COMBINE_HIDPI_IMAGES = YES;
				DEVELOPMENT_TEAM = R7GX9454SD;
				INFOPLIST_FILE = SnakeUITests/Info.plist;
				LD_RUNPATH_SEARCH_PATHS = "$(inherited) @executable_path/../Frameworks @loader_path/../Frameworks";
				PRODUCT_BUNDLE_IDENTIFIER = MSU.SnakeUITests;
				PRODUCT_NAME = "$(TARGET_NAME)";
				SWIFT_VERSION = 3.0;
				TEST_TARGET_NAME = Snake;
			};
			name = Release;
		};
/* End XCBuildConfiguration section */

/* Begin XCConfigurationList section */
		DBB0B1371E7694490057D020 /* Build configuration list for PBXProject "Snake" */ = {
			isa = XCConfigurationList;
			buildConfigurations = (
				DBB0B1651E7694490057D020 /* Debug */,
				DBB0B1661E7694490057D020 /* Release */,
			);
			defaultConfigurationIsVisible = 0;
			defaultConfigurationName = Release;
		};
		DBB0B1671E7694490057D020 /* Build configuration list for PBXNativeTarget "Snake" */ = {
			isa = XCConfigurationList;
			buildConfigurations = (
				DBB0B1681E7694490057D020 /* Debug */,
				DBB0B1691E7694490057D020 /* Release */,
			);
			defaultConfigurationIsVisible = 0;
			defaultConfigurationName = Release;
		};
		DBB0B16A1E7694490057D020 /* Build configuration list for PBXNativeTarget "SnakeTests" */ = {
			isa = XCConfigurationList;
			buildConfigurations = (
				DBB0B16B1E7694490057D020 /* Debug */,
				DBB0B16C1E7694490057D020 /* Release */,
			);
			defaultConfigurationIsVisible = 0;
			defaultConfigurationName = Release;
		};
		DBB0B16D1E7694490057D020 /* Build configuration list for PBXNativeTarget "SnakeUITests" */ = {
			isa = XCConfigurationList;
			buildConfigurations = (
				DBB0B16E1E7694490057D020 /* Debug */,
				DBB0B16F1E7694490057D020 /* Release */,
			);
			defaultConfigurationIsVisible = 0;
			defaultConfigurationName = Release;
		};
/* End XCConfigurationList section */
	};
	rootObject = DBB0B1341E7694490057D020 /* Project object */;
}
