// !$*UTF8*$!
{
	archiveVersion = 1;
	classes = {
	};
	objectVersion = 46;
	objects = {

/* Begin PBXBuildFile section */
		DB0D8E5C1E87053F001130CE /* AppIcon.xcassets in Resources */ = {isa = PBXBuildFile; fileRef = DB0D8E5B1E87053F001130CE /* AppIcon.xcassets */; };
		DB0F9BE91E7B3676009F83CB /* Assets.xcassets in Resources */ = {isa = PBXBuildFile; fileRef = DB0F9BE81E7B3676009F83CB /* Assets.xcassets */; };
		DB22D2391E7FEFC300C0257E /* MenuScene.swift in Sources */ = {isa = PBXBuildFile; fileRef = DB22D2381E7FEFC300C0257E /* MenuScene.swift */; };
		DBB0B1401E7694490057D020 /* AppDelegate.swift in Sources */ = {isa = PBXBuildFile; fileRef = DBB0B13F1E7694490057D020 /* AppDelegate.swift */; };
		DBB0B1461E7694490057D020 /* GameScene.swift in Sources */ = {isa = PBXBuildFile; fileRef = DBB0B1451E7694490057D020 /* GameScene.swift */; };
		DBB0B1481E7694490057D020 /* ViewController.swift in Sources */ = {isa = PBXBuildFile; fileRef = DBB0B1471E7694490057D020 /* ViewController.swift */; };
		DBB0B14D1E7694490057D020 /* Main.storyboard in Resources */ = {isa = PBXBuildFile; fileRef = DBB0B14B1E7694490057D020 /* Main.storyboard */; };
		DBCA0AF01E8075FF0045B3BE /* Gameplay.mov in Resources */ = {isa = PBXBuildFile; fileRef = DBCA0AEF1E8075FF0045B3BE /* Gameplay.mov */; };
		DBCA0AF21E8079150045B3BE /* GameScene (for gameplay).swift in Sources */ = {isa = PBXBuildFile; fileRef = DBCA0AF11E8079150045B3BE /* GameScene (for gameplay).swift */; };
/* End PBXBuildFile section */

/* Begin PBXFileReference section */
		DB0D8E5B1E87053F001130CE /* AppIcon.xcassets */ = {isa = PBXFileReference; lastKnownFileType = folder.assetcatalog; path = AppIcon.xcassets; sourceTree = "<group>"; };
		DB0F9BE81E7B3676009F83CB /* Assets.xcassets */ = {isa = PBXFileReference; lastKnownFileType = folder.assetcatalog; name = Assets.xcassets; path = ../Assets.xcassets; sourceTree = "<group>"; };
		DB22D2381E7FEFC300C0257E /* MenuScene.swift */ = {isa = PBXFileReference; fileEncoding = 4; lastKnownFileType = sourcecode.swift; path = MenuScene.swift; sourceTree = "<group>"; };
		DBB0B13C1E7694490057D020 /* Snake.app */ = {isa = PBXFileReference; explicitFileType = wrapper.application; includeInIndex = 0; path = Snake.app; sourceTree = BUILT_PRODUCTS_DIR; };
		DBB0B13F1E7694490057D020 /* AppDelegate.swift */ = {isa = PBXFileReference; lastKnownFileType = sourcecode.swift; path = AppDelegate.swift; sourceTree = "<group>"; };
		DBB0B1451E7694490057D020 /* GameScene.swift */ = {isa = PBXFileReference; lastKnownFileType = sourcecode.swift; path = GameScene.swift; sourceTree = "<group>"; };
		DBB0B1471E7694490057D020 /* ViewController.swift */ = {isa = PBXFileReference; lastKnownFileType = sourcecode.swift; path = ViewController.swift; sourceTree = "<group>"; };
		DBB0B14C1E7694490057D020 /* Base */ = {isa = PBXFileReference; lastKnownFileType = file.storyboard; name = Base; path = Base.lproj/Main.storyboard; sourceTree = "<group>"; };
		DBB0B14E1E7694490057D020 /* Info.plist */ = {isa = PBXFileReference; lastKnownFileType = text.plist.xml; path = Info.plist; sourceTree = "<group>"; };
		DBCA0AEF1E8075FF0045B3BE /* Gameplay.mov */ = {isa = PBXFileReference; lastKnownFileType = video.quicktime; path = Gameplay.mov; sourceTree = "<group>"; };
		DBCA0AF11E8079150045B3BE /* GameScene (for gameplay).swift */ = {isa = PBXFileReference; fileEncoding = 4; lastKnownFileType = sourcecode.swift; path = "GameScene (for gameplay).swift"; sourceTree = "<group>"; };
/* End PBXFileReference section */

/* Begin PBXFrameworksBuildPhase section */
		DBB0B1391E7694490057D020 /* Frameworks */ = {
			isa = PBXFrameworksBuildPhase;
			buildActionMask = 2147483647;
			files = (
			);
			runOnlyForDeploymentPostprocessing = 0;
		};
/* End PBXFrameworksBuildPhase section */

/* Begin PBXGroup section */
		DBB0B1331E7694490057D020 = {
			isa = PBXGroup;
			children = (
				DBB0B13E1E7694490057D020 /* Snake */,
				DBB0B13D1E7694490057D020 /* Products */,
			);
			sourceTree = "<group>";
		};
		DBB0B13D1E7694490057D020 /* Products */ = {
			isa = PBXGroup;
			children = (
				DBB0B13C1E7694490057D020 /* Snake.app */,
			);
			name = Products;
			sourceTree = "<group>";
		};
		DBB0B13E1E7694490057D020 /* Snake */ = {
			isa = PBXGroup;
			children = (
				DB0F9BE81E7B3676009F83CB /* Assets.xcassets */,
				DB0D8E5B1E87053F001130CE /* AppIcon.xcassets */,
				DBB0B13F1E7694490057D020 /* AppDelegate.swift */,
				DBB0B1471E7694490057D020 /* ViewController.swift */,
				DBB0B1451E7694490057D020 /* GameScene.swift */,
				DB22D2381E7FEFC300C0257E /* MenuScene.swift */,
				DBB0B14B1E7694490057D020 /* Main.storyboard */,
				DBCA0AEF1E8075FF0045B3BE /* Gameplay.mov */,
				DBB0B14E1E7694490057D020 /* Info.plist */,
				DBCA0AF11E8079150045B3BE /* GameScene (for gameplay).swift */,
			);
			path = Snake;
			sourceTree = "<group>";
		};
/* End PBXGroup section */

/* Begin PBXNativeTarget section */
		DBB0B13B1E7694490057D020 /* Snake */ = {
			isa = PBXNativeTarget;
			buildConfigurationList = DBB0B1671E7694490057D020 /* Build configuration list for PBXNativeTarget "Snake" */;
			buildPhases = (
				DBB0B1381E7694490057D020 /* Sources */,
				DBB0B1391E7694490057D020 /* Frameworks */,
				DBB0B13A1E7694490057D020 /* Resources */,
			);
			buildRules = (
			);
			dependencies = (
			);
			name = Snake;
			productName = Snake;
			productReference = DBB0B13C1E7694490057D020 /* Snake.app */;
			productType = "com.apple.product-type.application";
		};
/* End PBXNativeTarget section */

/* Begin PBXProject section */
		DBB0B1341E7694490057D020 /* Project object */ = {
			isa = PBXProject;
			attributes = {
				LastSwiftUpdateCheck = 0820;
				LastUpgradeCheck = 0820;
				ORGANIZATIONNAME = "Moscow State University";
				TargetAttributes = {
					DBB0B13B1E7694490057D020 = {
						CreatedOnToolsVersion = 8.2.1;
						DevelopmentTeam = R7GX9454SD;
						ProvisioningStyle = Automatic;
					};
				};
			};
			buildConfigurationList = DBB0B1371E7694490057D020 /* Build configuration list for PBXProject "Snake" */;
			compatibilityVersion = "Xcode 3.2";
			developmentRegion = English;
			hasScannedForEncodings = 0;
			knownRegions = (
				en,
				Base,
			);
			mainGroup = DBB0B1331E7694490057D020;
			productRefGroup = DBB0B13D1E7694490057D020 /* Products */;
			projectDirPath = "";
			projectRoot = "";
			targets = (
				DBB0B13B1E7694490057D020 /* Snake */,
			);
		};
/* End PBXProject section */

/* Begin PBXResourcesBuildPhase section */
		DBB0B13A1E7694490057D020 /* Resources */ = {
			isa = PBXResourcesBuildPhase;
			buildActionMask = 2147483647;
			files = (
				DB0F9BE91E7B3676009F83CB /* Assets.xcassets in Resources */,
				DB0D8E5C1E87053F001130CE /* AppIcon.xcassets in Resources */,
				DBB0B14D1E7694490057D020 /* Main.storyboard in Resources */,
				DBCA0AF01E8075FF0045B3BE /* Gameplay.mov in Resources */,
			);
			runOnlyForDeploymentPostprocessing = 0;
		};
/* End PBXResourcesBuildPhase section */

/* Begin PBXSourcesBuildPhase section */
		DBB0B1381E7694490057D020 /* Sources */ = {
			isa = PBXSourcesBuildPhase;
			buildActionMask = 2147483647;
			files = (
				DBB0B1481E7694490057D020 /* ViewController.swift in Sources */,
				DB22D2391E7FEFC300C0257E /* MenuScene.swift in Sources */,
				DBCA0AF21E8079150045B3BE /* GameScene (for gameplay).swift in Sources */,
				DBB0B1461E7694490057D020 /* GameScene.swift in Sources */,
				DBB0B1401E7694490057D020 /* AppDelegate.swift in Sources */,
			);
			runOnlyForDeploymentPostprocessing = 0;
		};
/* End PBXSourcesBuildPhase section */

/* Begin PBXVariantGroup section */
		DBB0B14B1E7694490057D020 /* Main.storyboard */ = {
			isa = PBXVariantGroup;
			children = (
				DBB0B14C1E7694490057D020 /* Base */,
			);
			name = Main.storyboard;
			sourceTree = "<group>";
		};
/* End PBXVariantGroup section */

/* Begin XCBuildConfiguration section */
		DBB0B1651E7694490057D020 /* Debug */ = {
			isa = XCBuildConfiguration;
			buildSettings = {
				ALWAYS_SEARCH_USER_PATHS = NO;
				CLANG_ANALYZER_NONNULL = YES;
				CLANG_CXX_LANGUAGE_STANDARD = "gnu++0x";
				CLANG_CXX_LIBRARY = "libc++";
				CLANG_ENABLE_MODULES = YES;
				CLANG_ENABLE_OBJC_ARC = YES;
				CLANG_WARN_BOOL_CONVERSION = YES;
				CLANG_WARN_CONSTANT_CONVERSION = YES;
				CLANG_WARN_DIRECT_OBJC_ISA_USAGE = YES_ERROR;
				CLANG_WARN_DOCUMENTATION_COMMENTS = YES;
				CLANG_WARN_EMPTY_BODY = YES;
				CLANG_WARN_ENUM_CONVERSION = YES;
				CLANG_WARN_INFINITE_RECURSION = YES;
				CLANG_WARN_INT_CONVERSION = YES;
				CLANG_WARN_OBJC_ROOT_CLASS = YES_ERROR;
				CLANG_WARN_SUSPICIOUS_MOVE = YES;
				CLANG_WARN_UNREACHABLE_CODE = YES;
				CLANG_WARN__DUPLICATE_METHOD_MATCH = YES;
				CODE_SIGN_IDENTITY = "-";
				COPY_PHASE_STRIP = NO;
				DEBUG_INFORMATION_FORMAT = dwarf;
				ENABLE_STRICT_OBJC_MSGSEND = YES;
				ENABLE_TESTABILITY = YES;
				GCC_C_LANGUAGE_STANDARD = gnu99;
				GCC_DYNAMIC_NO_PIC = NO;
				GCC_NO_COMMON_BLOCKS = YES;
				GCC_OPTIMIZATION_LEVEL = 0;
				GCC_PREPROCESSOR_DEFINITIONS = (
					"DEBUG=1",
					"$(inherited)",
				);
				GCC_WARN_64_TO_32_BIT_CONVERSION = YES;
				GCC_WARN_ABOUT_RETURN_TYPE = YES_ERROR;
				GCC_WARN_UNDECLARED_SELECTOR = YES;
				GCC_WARN_UNINITIALIZED_AUTOS = YES_AGGRESSIVE;
				GCC_WARN_UNUSED_FUNCTION = YES;
				GCC_WARN_UNUSED_VARIABLE = YES;
				MACOSX_DEPLOYMENT_TARGET = 10.12;
				MTL_ENABLE_DEBUG_INFO = YES;
				ONLY_ACTIVE_ARCH = YES;
				SDKROOT = macosx;
				SWIFT_ACTIVE_COMPILATION_CONDITIONS = DEBUG;
				SWIFT_OPTIMIZATION_LEVEL = "-Onone";
			};
			name = Debug;
		};
		DBB0B1661E7694490057D020 /* Release */ = {
			isa = XCBuildConfiguration;
			buildSettings = {
				ALWAYS_SEARCH_USER_PATHS = NO;
				CLANG_ANALYZER_NONNULL = YES;
				CLANG_CXX_LANGUAGE_STANDARD = "gnu++0x";
				CLANG_CXX_LIBRARY = "libc++";
				CLANG_ENABLE_MODULES = YES;
				CLANG_ENABLE_OBJC_ARC = YES;
				CLANG_WARN_BOOL_CONVERSION = YES;
				CLANG_WARN_CONSTANT_CONVERSION = YES;
				CLANG_WARN_DIRECT_OBJC_ISA_USAGE = YES_ERROR;
				CLANG_WARN_DOCUMENTATION_COMMENTS = YES;
				CLANG_WARN_EMPTY_BODY = YES;
				CLANG_WARN_ENUM_CONVERSION = YES;
				CLANG_WARN_INFINITE_RECURSION = YES;
				CLANG_WARN_INT_CONVERSION = YES;
				CLANG_WARN_OBJC_ROOT_CLASS = YES_ERROR;
				CLANG_WARN_SUSPICIOUS_MOVE = YES;
				CLANG_WARN_UNREACHABLE_CODE = YES;
				CLANG_WARN__DUPLICATE_METHOD_MATCH = YES;
				CODE_SIGN_IDENTITY = "-";
				COPY_PHASE_STRIP = NO;
				DEBUG_INFORMATION_FORMAT = "dwarf-with-dsym";
				ENABLE_NS_ASSERTIONS = NO;
				ENABLE_STRICT_OBJC_MSGSEND = YES;
				GCC_C_LANGUAGE_STANDARD = gnu99;
				GCC_NO_COMMON_BLOCKS = YES;
				GCC_WARN_64_TO_32_BIT_CONVERSION = YES;
				GCC_WARN_ABOUT_RETURN_TYPE = YES_ERROR;
				GCC_WARN_UNDECLARED_SELECTOR = YES;
				GCC_WARN_UNINITIALIZED_AUTOS = YES_AGGRESSIVE;
				GCC_WARN_UNUSED_FUNCTION = YES;
				GCC_WARN_UNUSED_VARIABLE = YES;
				MACOSX_DEPLOYMENT_TARGET = 10.12;
				MTL_ENABLE_DEBUG_INFO = NO;
				SDKROOT = macosx;
				SWIFT_OPTIMIZATION_LEVEL = "-Owholemodule";
			};
			name = Release;
		};
		DBB0B1681E7694490057D020 /* Debug */ = {
			isa = XCBuildConfiguration;
			buildSettings = {
				ASSETCATALOG_COMPILER_APPICON_NAME = AppIcon;
				CODE_SIGN_IDENTITY = "Mac Developer";
				COMBINE_HIDPI_IMAGES = YES;
				DEVELOPMENT_TEAM = R7GX9454SD;
				INFOPLIST_FILE = Snake/Info.plist;
				LD_RUNPATH_SEARCH_PATHS = "$(inherited) @executable_path/../Frameworks";
				PRODUCT_BUNDLE_IDENTIFIER = MSU.Snake;
				PRODUCT_NAME = "$(TARGET_NAME)";
				SWIFT_VERSION = 3.0;
			};
			name = Debug;
		};
		DBB0B1691E7694490057D020 /* Release */ = {
			isa = XCBuildConfiguration;
			buildSettings = {
				ASSETCATALOG_COMPILER_APPICON_NAME = AppIcon;
				CODE_SIGN_IDENTITY = "Mac Developer";
				COMBINE_HIDPI_IMAGES = YES;
				DEVELOPMENT_TEAM = R7GX9454SD;
				INFOPLIST_FILE = Snake/Info.plist;
				LD_RUNPATH_SEARCH_PATHS = "$(inherited) @executable_path/../Frameworks";
				PRODUCT_BUNDLE_IDENTIFIER = MSU.Snake;
				PRODUCT_NAME = "$(TARGET_NAME)";
				SWIFT_VERSION = 3.0;
			};
			name = Release;
		};
/* End XCBuildConfiguration section */

/* Begin XCConfigurationList section */
		DBB0B1371E7694490057D020 /* Build configuration list for PBXProject "Snake" */ = {
			isa = XCConfigurationList;
			buildConfigurations = (
				DBB0B1651E7694490057D020 /* Debug */,
				DBB0B1661E7694490057D020 /* Release */,
			);
			defaultConfigurationIsVisible = 0;
			defaultConfigurationName = Release;
		};
		DBB0B1671E7694490057D020 /* Build configuration list for PBXNativeTarget "Snake" */ = {
			isa = XCConfigurationList;
			buildConfigurations = (
				DBB0B1681E7694490057D020 /* Debug */,
				DBB0B1691E7694490057D020 /* Release */,
			);
			defaultConfigurationIsVisible = 0;
			defaultConfigurationName = Release;
		};
/* End XCConfigurationList section */
	};
	rootObject = DBB0B1341E7694490057D020 /* Project object */;
}
